// !$*UTF8*$!
{
	archiveVersion = 1;
	classes = {
	};
	objectVersion = 56;
	objects = {

/* Begin PBXBuildFile section */
		3F0854472ACC2AED008E7FBF /* asdfghjkApp.swift in Sources */ = {isa = PBXBuildFile; fileRef = 3F0854462ACC2AED008E7FBF /* asdfghjkApp.swift */; };
		3F0854492ACC2AED008E7FBF /* ContentView.swift in Sources */ = {isa = PBXBuildFile; fileRef = 3F0854482ACC2AED008E7FBF /* ContentView.swift */; };
		3F08544B2ACC2AEE008E7FBF /* Assets.xcassets in Resources */ = {isa = PBXBuildFile; fileRef = 3F08544A2ACC2AEE008E7FBF /* Assets.xcassets */; };
		3F08544E2ACC2AEE008E7FBF /* Preview Assets.xcassets in Resources */ = {isa = PBXBuildFile; fileRef = 3F08544D2ACC2AEE008E7FBF /* Preview Assets.xcassets */; };
		3F0854582ACC2AEE008E7FBF /* asdfghjkTests.swift in Sources */ = {isa = PBXBuildFile; fileRef = 3F0854572ACC2AEE008E7FBF /* asdfghjkTests.swift */; };
		3F0854622ACC2AEF008E7FBF /* asdfghjkUITests.swift in Sources */ = {isa = PBXBuildFile; fileRef = 3F0854612ACC2AEF008E7FBF /* asdfghjkUITests.swift */; };
		3F0854642ACC2AEF008E7FBF /* asdfghjkUITestsLaunchTests.swift in Sources */ = {isa = PBXBuildFile; fileRef = 3F0854632ACC2AEF008E7FBF /* asdfghjkUITestsLaunchTests.swift */; };
/* End PBXBuildFile section */

/* Begin PBXContainerItemProxy section */
		3F0854542ACC2AEE008E7FBF /* PBXContainerItemProxy */ = {
			isa = PBXContainerItemProxy;
			containerPortal = 3F08543B2ACC2AED008E7FBF /* Project object */;
			proxyType = 1;
			remoteGlobalIDString = 3F0854422ACC2AED008E7FBF;
			remoteInfo = asdfghjk;
		};
		3F08545E2ACC2AEF008E7FBF /* PBXContainerItemProxy */ = {
			isa = PBXContainerItemProxy;
			containerPortal = 3F08543B2ACC2AED008E7FBF /* Project object */;
			proxyType = 1;
			remoteGlobalIDString = 3F0854422ACC2AED008E7FBF;
			remoteInfo = asdfghjk;
		};
/* End PBXContainerItemProxy section */

/* Begin PBXFileReference section */
		3F0854432ACC2AED008E7FBF /* asdfghjk.app */ = {isa = PBXFileReference; explicitFileType = wrapper.application; includeInIndex = 0; path = asdfghjk.app; sourceTree = BUILT_PRODUCTS_DIR; };
		3F0854462ACC2AED008E7FBF /* asdfghjkApp.swift */ = {isa = PBXFileReference; lastKnownFileType = sourcecode.swift; path = asdfghjkApp.swift; sourceTree = "<group>"; };
		3F0854482ACC2AED008E7FBF /* ContentView.swift */ = {isa = PBXFileReference; lastKnownFileType = sourcecode.swift; path = ContentView.swift; sourceTree = "<group>"; };
		3F08544A2ACC2AEE008E7FBF /* Assets.xcassets */ = {isa = PBXFileReference; lastKnownFileType = folder.assetcatalog; path = Assets.xcassets; sourceTree = "<group>"; };
		3F08544D2ACC2AEE008E7FBF /* Preview Assets.xcassets */ = {isa = PBXFileReference; lastKnownFileType = folder.assetcatalog; path = "Preview Assets.xcassets"; sourceTree = "<group>"; };
		3F0854532ACC2AEE008E7FBF /* asdfghjkTests.xctest */ = {isa = PBXFileReference; explicitFileType = wrapper.cfbundle; includeInIndex = 0; path = asdfghjkTests.xctest; sourceTree = BUILT_PRODUCTS_DIR; };
		3F0854572ACC2AEE008E7FBF /* asdfghjkTests.swift */ = {isa = PBXFileReference; lastKnownFileType = sourcecode.swift; path = asdfghjkTests.swift; sourceTree = "<group>"; };
		3F08545D2ACC2AEF008E7FBF /* asdfghjkUITests.xctest */ = {isa = PBXFileReference; explicitFileType = wrapper.cfbundle; includeInIndex = 0; path = asdfghjkUITests.xctest; sourceTree = BUILT_PRODUCTS_DIR; };
		3F0854612ACC2AEF008E7FBF /* asdfghjkUITests.swift */ = {isa = PBXFileReference; lastKnownFileType = sourcecode.swift; path = asdfghjkUITests.swift; sourceTree = "<group>"; };
		3F0854632ACC2AEF008E7FBF /* asdfghjkUITestsLaunchTests.swift */ = {isa = PBXFileReference; lastKnownFileType = sourcecode.swift; path = asdfghjkUITestsLaunchTests.swift; sourceTree = "<group>"; };
/* End PBXFileReference section */

/* Begin PBXFrameworksBuildPhase section */
		3F0854402ACC2AED008E7FBF /* Frameworks */ = {
			isa = PBXFrameworksBuildPhase;
			buildActionMask = 2147483647;
			files = (
			);
			runOnlyForDeploymentPostprocessing = 0;
		};
		3F0854502ACC2AEE008E7FBF /* Frameworks */ = {
			isa = PBXFrameworksBuildPhase;
			buildActionMask = 2147483647;
			files = (
			);
			runOnlyForDeploymentPostprocessing = 0;
		};
		3F08545A2ACC2AEF008E7FBF /* Frameworks */ = {
			isa = PBXFrameworksBuildPhase;
			buildActionMask = 2147483647;
			files = (
			);
			runOnlyForDeploymentPostprocessing = 0;
		};
/* End PBXFrameworksBuildPhase section */

/* Begin PBXGroup section */
		3F08543A2ACC2AED008E7FBF = {
			isa = PBXGroup;
			children = (
				3F0854452ACC2AED008E7FBF /* asdfghjk */,
				3F0854562ACC2AEE008E7FBF /* asdfghjkTests */,
				3F0854602ACC2AEF008E7FBF /* asdfghjkUITests */,
				3F0854442ACC2AED008E7FBF /* Products */,
			);
			sourceTree = "<group>";
		};
		3F0854442ACC2AED008E7FBF /* Products */ = {
			isa = PBXGroup;
			children = (
				3F0854432ACC2AED008E7FBF /* asdfghjk.app */,
				3F0854532ACC2AEE008E7FBF /* asdfghjkTests.xctest */,
				3F08545D2ACC2AEF008E7FBF /* asdfghjkUITests.xctest */,
			);
			name = Products;
			sourceTree = "<group>";
		};
		3F0854452ACC2AED008E7FBF /* asdfghjk */ = {
			isa = PBXGroup;
			children = (
				3F0854462ACC2AED008E7FBF /* asdfghjkApp.swift */,
				3F0854482ACC2AED008E7FBF /* ContentView.swift */,
				3F08544A2ACC2AEE008E7FBF /* Assets.xcassets */,
				3F08544C2ACC2AEE008E7FBF /* Preview Content */,
			);
			path = asdfghjk;
			sourceTree = "<group>";
		};
		3F08544C2ACC2AEE008E7FBF /* Preview Content */ = {
			isa = PBXGroup;
			children = (
				3F08544D2ACC2AEE008E7FBF /* Preview Assets.xcassets */,
			);
			path = "Preview Content";
			sourceTree = "<group>";
		};
		3F0854562ACC2AEE008E7FBF /* asdfghjkTests */ = {
			isa = PBXGroup;
			children = (
				3F0854572ACC2AEE008E7FBF /* asdfghjkTests.swift */,
			);
			path = asdfghjkTests;
			sourceTree = "<group>";
		};
		3F0854602ACC2AEF008E7FBF /* asdfghjkUITests */ = {
			isa = PBXGroup;
			children = (
				3F0854612ACC2AEF008E7FBF /* asdfghjkUITests.swift */,
				3F0854632ACC2AEF008E7FBF /* asdfghjkUITestsLaunchTests.swift */,
			);
			path = asdfghjkUITests;
			sourceTree = "<group>";
		};
/* End PBXGroup section */

/* Begin PBXNativeTarget section */
		3F0854422ACC2AED008E7FBF /* asdfghjk */ = {
			isa = PBXNativeTarget;
			buildConfigurationList = 3F0854672ACC2AEF008E7FBF /* Build configuration list for PBXNativeTarget "asdfghjk" */;
			buildPhases = (
				3F08543F2ACC2AED008E7FBF /* Sources */,
				3F0854402ACC2AED008E7FBF /* Frameworks */,
				3F0854412ACC2AED008E7FBF /* Resources */,
			);
			buildRules = (
			);
			dependencies = (
			);
			name = asdfghjk;
			productName = asdfghjk;
			productReference = 3F0854432ACC2AED008E7FBF /* asdfghjk.app */;
			productType = "com.apple.product-type.application";
		};
		3F0854522ACC2AEE008E7FBF /* asdfghjkTests */ = {
			isa = PBXNativeTarget;
			buildConfigurationList = 3F08546A2ACC2AEF008E7FBF /* Build configuration list for PBXNativeTarget "asdfghjkTests" */;
			buildPhases = (
				3F08544F2ACC2AEE008E7FBF /* Sources */,
				3F0854502ACC2AEE008E7FBF /* Frameworks */,
				3F0854512ACC2AEE008E7FBF /* Resources */,
			);
			buildRules = (
			);
			dependencies = (
				3F0854552ACC2AEE008E7FBF /* PBXTargetDependency */,
			);
			name = asdfghjkTests;
			productName = asdfghjkTests;
			productReference = 3F0854532ACC2AEE008E7FBF /* asdfghjkTests.xctest */;
			productType = "com.apple.product-type.bundle.unit-test";
		};
		3F08545C2ACC2AEF008E7FBF /* asdfghjkUITests */ = {
			isa = PBXNativeTarget;
			buildConfigurationList = 3F08546D2ACC2AEF008E7FBF /* Build configuration list for PBXNativeTarget "asdfghjkUITests" */;
			buildPhases = (
				3F0854592ACC2AEF008E7FBF /* Sources */,
				3F08545A2ACC2AEF008E7FBF /* Frameworks */,
				3F08545B2ACC2AEF008E7FBF /* Resources */,
			);
			buildRules = (
			);
			dependencies = (
				3F08545F2ACC2AEF008E7FBF /* PBXTargetDependency */,
			);
			name = asdfghjkUITests;
			productName = asdfghjkUITests;
			productReference = 3F08545D2ACC2AEF008E7FBF /* asdfghjkUITests.xctest */;
			productType = "com.apple.product-type.bundle.ui-testing";
		};
/* End PBXNativeTarget section */

/* Begin PBXProject section */
		3F08543B2ACC2AED008E7FBF /* Project object */ = {
			isa = PBXProject;
			attributes = {
				BuildIndependentTargetsInParallel = 1;
				LastSwiftUpdateCheck = 1500;
				LastUpgradeCheck = 1500;
				TargetAttributes = {
					3F0854422ACC2AED008E7FBF = {
						CreatedOnToolsVersion = 15.0;
					};
					3F0854522ACC2AEE008E7FBF = {
						CreatedOnToolsVersion = 15.0;
						TestTargetID = 3F0854422ACC2AED008E7FBF;
					};
					3F08545C2ACC2AEF008E7FBF = {
						CreatedOnToolsVersion = 15.0;
						TestTargetID = 3F0854422ACC2AED008E7FBF;
					};
				};
			};
			buildConfigurationList = 3F08543E2ACC2AED008E7FBF /* Build configuration list for PBXProject "asdfghjk" */;
			compatibilityVersion = "Xcode 14.0";
			developmentRegion = en;
			hasScannedForEncodings = 0;
			knownRegions = (
				en,
				Base,
			);
			mainGroup = 3F08543A2ACC2AED008E7FBF;
			productRefGroup = 3F0854442ACC2AED008E7FBF /* Products */;
			projectDirPath = "";
			projectRoot = "";
			targets = (
				3F0854422ACC2AED008E7FBF /* asdfghjk */,
				3F0854522ACC2AEE008E7FBF /* asdfghjkTests */,
				3F08545C2ACC2AEF008E7FBF /* asdfghjkUITests */,
			);
		};
/* End PBXProject section */

/* Begin PBXResourcesBuildPhase section */
		3F0854412ACC2AED008E7FBF /* Resources */ = {
			isa = PBXResourcesBuildPhase;
			buildActionMask = 2147483647;
			files = (
				3F08544E2ACC2AEE008E7FBF /* Preview Assets.xcassets in Resources */,
				3F08544B2ACC2AEE008E7FBF /* Assets.xcassets in Resources */,
			);
			runOnlyForDeploymentPostprocessing = 0;
		};
		3F0854512ACC2AEE008E7FBF /* Resources */ = {
			isa = PBXResourcesBuildPhase;
			buildActionMask = 2147483647;
			files = (
			);
			runOnlyForDeploymentPostprocessing = 0;
		};
		3F08545B2ACC2AEF008E7FBF /* Resources */ = {
			isa = PBXResourcesBuildPhase;
			buildActionMask = 2147483647;
			files = (
			);
			runOnlyForDeploymentPostprocessing = 0;
		};
/* End PBXResourcesBuildPhase section */

/* Begin PBXSourcesBuildPhase section */
		3F08543F2ACC2AED008E7FBF /* Sources */ = {
			isa = PBXSourcesBuildPhase;
			buildActionMask = 2147483647;
			files = (
				3F0854492ACC2AED008E7FBF /* ContentView.swift in Sources */,
				3F0854472ACC2AED008E7FBF /* asdfghjkApp.swift in Sources */,
			);
			runOnlyForDeploymentPostprocessing = 0;
		};
		3F08544F2ACC2AEE008E7FBF /* Sources */ = {
			isa = PBXSourcesBuildPhase;
			buildActionMask = 2147483647;
			files = (
				3F0854582ACC2AEE008E7FBF /* asdfghjkTests.swift in Sources */,
			);
			runOnlyForDeploymentPostprocessing = 0;
		};
		3F0854592ACC2AEF008E7FBF /* Sources */ = {
			isa = PBXSourcesBuildPhase;
			buildActionMask = 2147483647;
			files = (
				3F0854642ACC2AEF008E7FBF /* asdfghjkUITestsLaunchTests.swift in Sources */,
				3F0854622ACC2AEF008E7FBF /* asdfghjkUITests.swift in Sources */,
			);
			runOnlyForDeploymentPostprocessing = 0;
		};
/* End PBXSourcesBuildPhase section */

/* Begin PBXTargetDependency section */
		3F0854552ACC2AEE008E7FBF /* PBXTargetDependency */ = {
			isa = PBXTargetDependency;
			target = 3F0854422ACC2AED008E7FBF /* asdfghjk */;
			targetProxy = 3F0854542ACC2AEE008E7FBF /* PBXContainerItemProxy */;
		};
		3F08545F2ACC2AEF008E7FBF /* PBXTargetDependency */ = {
			isa = PBXTargetDependency;
			target = 3F0854422ACC2AED008E7FBF /* asdfghjk */;
			targetProxy = 3F08545E2ACC2AEF008E7FBF /* PBXContainerItemProxy */;
		};
/* End PBXTargetDependency section */

/* Begin XCBuildConfiguration section */
		3F0854652ACC2AEF008E7FBF /* Debug */ = {
			isa = XCBuildConfiguration;
			buildSettings = {
				ALWAYS_SEARCH_USER_PATHS = NO;
				ASSETCATALOG_COMPILER_GENERATE_SWIFT_ASSET_SYMBOL_EXTENSIONS = YES;
				CLANG_ANALYZER_NONNULL = YES;
				CLANG_ANALYZER_NUMBER_OBJECT_CONVERSION = YES_AGGRESSIVE;
				CLANG_CXX_LANGUAGE_STANDARD = "gnu++20";
				CLANG_ENABLE_MODULES = YES;
				CLANG_ENABLE_OBJC_ARC = YES;
				CLANG_ENABLE_OBJC_WEAK = YES;
				CLANG_WARN_BLOCK_CAPTURE_AUTORELEASING = YES;
				CLANG_WARN_BOOL_CONVERSION = YES;
				CLANG_WARN_COMMA = YES;
				CLANG_WARN_CONSTANT_CONVERSION = YES;
				CLANG_WARN_DEPRECATED_OBJC_IMPLEMENTATIONS = YES;
				CLANG_WARN_DIRECT_OBJC_ISA_USAGE = YES_ERROR;
				CLANG_WARN_DOCUMENTATION_COMMENTS = YES;
				CLANG_WARN_EMPTY_BODY = YES;
				CLANG_WARN_ENUM_CONVERSION = YES;
				CLANG_WARN_INFINITE_RECURSION = YES;
				CLANG_WARN_INT_CONVERSION = YES;
				CLANG_WARN_NON_LITERAL_NULL_CONVERSION = YES;
				CLANG_WARN_OBJC_IMPLICIT_RETAIN_SELF = YES;
				CLANG_WARN_OBJC_LITERAL_CONVERSION = YES;
				CLANG_WARN_OBJC_ROOT_CLASS = YES_ERROR;
				CLANG_WARN_QUOTED_INCLUDE_IN_FRAMEWORK_HEADER = YES;
				CLANG_WARN_RANGE_LOOP_ANALYSIS = YES;
				CLANG_WARN_STRICT_PROTOTYPES = YES;
				CLANG_WARN_SUSPICIOUS_MOVE = YES;
				CLANG_WARN_UNGUARDED_AVAILABILITY = YES_AGGRESSIVE;
				CLANG_WARN_UNREACHABLE_CODE = YES;
				CLANG_WARN__DUPLICATE_METHOD_MATCH = YES;
				COPY_PHASE_STRIP = NO;
				DEBUG_INFORMATION_FORMAT = dwarf;
				ENABLE_STRICT_OBJC_MSGSEND = YES;
				ENABLE_TESTABILITY = YES;
				ENABLE_USER_SCRIPT_SANDBOXING = YES;
				GCC_C_LANGUAGE_STANDARD = gnu17;
				GCC_DYNAMIC_NO_PIC = NO;
				GCC_NO_COMMON_BLOCKS = YES;
				GCC_OPTIMIZATION_LEVEL = 0;
				GCC_PREPROCESSOR_DEFINITIONS = (
					"DEBUG=1",
					"$(inherited)",
				);
				GCC_WARN_64_TO_32_BIT_CONVERSION = YES;
				GCC_WARN_ABOUT_RETURN_TYPE = YES_ERROR;
				GCC_WARN_UNDECLARED_SELECTOR = YES;
				GCC_WARN_UNINITIALIZED_AUTOS = YES_AGGRESSIVE;
				GCC_WARN_UNUSED_FUNCTION = YES;
				GCC_WARN_UNUSED_VARIABLE = YES;
				IPHONEOS_DEPLOYMENT_TARGET = 17.0;
				LOCALIZATION_PREFERS_STRING_CATALOGS = YES;
				MTL_ENABLE_DEBUG_INFO = INCLUDE_SOURCE;
				MTL_FAST_MATH = YES;
				ONLY_ACTIVE_ARCH = YES;
				SDKROOT = iphoneos;
				SWIFT_ACTIVE_COMPILATION_CONDITIONS = "DEBUG $(inherited)";
				SWIFT_OPTIMIZATION_LEVEL = "-Onone";
			};
			name = Debug;
		};
		3F0854662ACC2AEF008E7FBF /* Release */ = {
			isa = XCBuildConfiguration;
			buildSettings = {
				ALWAYS_SEARCH_USER_PATHS = NO;
				ASSETCATALOG_COMPILER_GENERATE_SWIFT_ASSET_SYMBOL_EXTENSIONS = YES;
				CLANG_ANALYZER_NONNULL = YES;
				CLANG_ANALYZER_NUMBER_OBJECT_CONVERSION = YES_AGGRESSIVE;
				CLANG_CXX_LANGUAGE_STANDARD = "gnu++20";
				CLANG_ENABLE_MODULES = YES;
				CLANG_ENABLE_OBJC_ARC = YES;
				CLANG_ENABLE_OBJC_WEAK = YES;
				CLANG_WARN_BLOCK_CAPTURE_AUTORELEASING = YES;
				CLANG_WARN_BOOL_CONVERSION = YES;
				CLANG_WARN_COMMA = YES;
				CLANG_WARN_CONSTANT_CONVERSION = YES;
				CLANG_WARN_DEPRECATED_OBJC_IMPLEMENTATIONS = YES;
				CLANG_WARN_DIRECT_OBJC_ISA_USAGE = YES_ERROR;
				CLANG_WARN_DOCUMENTATION_COMMENTS = YES;
				CLANG_WARN_EMPTY_BODY = YES;
				CLANG_WARN_ENUM_CONVERSION = YES;
				CLANG_WARN_INFINITE_RECURSION = YES;
				CLANG_WARN_INT_CONVERSION = YES;
				CLANG_WARN_NON_LITERAL_NULL_CONVERSION = YES;
				CLANG_WARN_OBJC_IMPLICIT_RETAIN_SELF = YES;
				CLANG_WARN_OBJC_LITERAL_CONVERSION = YES;
				CLANG_WARN_OBJC_ROOT_CLASS = YES_ERROR;
				CLANG_WARN_QUOTED_INCLUDE_IN_FRAMEWORK_HEADER = YES;
				CLANG_WARN_RANGE_LOOP_ANALYSIS = YES;
				CLANG_WARN_STRICT_PROTOTYPES = YES;
				CLANG_WARN_SUSPICIOUS_MOVE = YES;
				CLANG_WARN_UNGUARDED_AVAILABILITY = YES_AGGRESSIVE;
				CLANG_WARN_UNREACHABLE_CODE = YES;
				CLANG_WARN__DUPLICATE_METHOD_MATCH = YES;
				COPY_PHASE_STRIP = NO;
				DEBUG_INFORMATION_FORMAT = "dwarf-with-dsym";
				ENABLE_NS_ASSERTIONS = NO;
				ENABLE_STRICT_OBJC_MSGSEND = YES;
				ENABLE_USER_SCRIPT_SANDBOXING = YES;
				GCC_C_LANGUAGE_STANDARD = gnu17;
				GCC_NO_COMMON_BLOCKS = YES;
				GCC_WARN_64_TO_32_BIT_CONVERSION = YES;
				GCC_WARN_ABOUT_RETURN_TYPE = YES_ERROR;
				GCC_WARN_UNDECLARED_SELECTOR = YES;
				GCC_WARN_UNINITIALIZED_AUTOS = YES_AGGRESSIVE;
				GCC_WARN_UNUSED_FUNCTION = YES;
				GCC_WARN_UNUSED_VARIABLE = YES;
				IPHONEOS_DEPLOYMENT_TARGET = 17.0;
				LOCALIZATION_PREFERS_STRING_CATALOGS = YES;
				MTL_ENABLE_DEBUG_INFO = NO;
				MTL_FAST_MATH = YES;
				SDKROOT = iphoneos;
				SWIFT_COMPILATION_MODE = wholemodule;
				VALIDATE_PRODUCT = YES;
			};
			name = Release;
		};
		3F0854682ACC2AEF008E7FBF /* Debug */ = {
			isa = XCBuildConfiguration;
			buildSettings = {
				ASSETCATALOG_COMPILER_APPICON_NAME = AppIcon;
				ASSETCATALOG_COMPILER_GLOBAL_ACCENT_COLOR_NAME = AccentColor;
				CODE_SIGN_STYLE = Automatic;
				CURRENT_PROJECT_VERSION = 1;
				DEVELOPMENT_ASSET_PATHS = "\"asdfghjk/Preview Content\"";
				ENABLE_PREVIEWS = YES;
				GENERATE_INFOPLIST_FILE = YES;
				INFOPLIST_KEY_UIApplicationSceneManifest_Generation = YES;
				INFOPLIST_KEY_UIApplicationSupportsIndirectInputEvents = YES;
				INFOPLIST_KEY_UILaunchScreen_Generation = YES;
				INFOPLIST_KEY_UISupportedInterfaceOrientations_iPad = "UIInterfaceOrientationPortrait UIInterfaceOrientationPortraitUpsideDown UIInterfaceOrientationLandscapeLeft UIInterfaceOrientationLandscapeRight";
				INFOPLIST_KEY_UISupportedInterfaceOrientations_iPhone = "UIInterfaceOrientationPortrait UIInterfaceOrientationLandscapeLeft UIInterfaceOrientationLandscapeRight";
				LD_RUNPATH_SEARCH_PATHS = (
					"$(inherited)",
					"@executable_path/Frameworks",
				);
				MARKETING_VERSION = 1.0;
				PRODUCT_BUNDLE_IDENTIFIER = student.asdfghjk;
				PRODUCT_NAME = "$(TARGET_NAME)";
				SWIFT_EMIT_LOC_STRINGS = YES;
				SWIFT_VERSION = 5.0;
				TARGETED_DEVICE_FAMILY = "1,2";
			};
			name = Debug;
		};
		3F0854692ACC2AEF008E7FBF /* Release */ = {
			isa = XCBuildConfiguration;
			buildSettings = {
				ASSETCATALOG_COMPILER_APPICON_NAME = AppIcon;
				ASSETCATALOG_COMPILER_GLOBAL_ACCENT_COLOR_NAME = AccentColor;
				CODE_SIGN_STYLE = Automatic;
				CURRENT_PROJECT_VERSION = 1;
				DEVELOPMENT_ASSET_PATHS = "\"asdfghjk/Preview Content\"";
				ENABLE_PREVIEWS = YES;
				GENERATE_INFOPLIST_FILE = YES;
				INFOPLIST_KEY_UIApplicationSceneManifest_Generation = YES;
				INFOPLIST_KEY_UIApplicationSupportsIndirectInputEvents = YES;
				INFOPLIST_KEY_UILaunchScreen_Generation = YES;
				INFOPLIST_KEY_UISupportedInterfaceOrientations_iPad = "UIInterfaceOrientationPortrait UIInterfaceOrientationPortraitUpsideDown UIInterfaceOrientationLandscapeLeft UIInterfaceOrientationLandscapeRight";
				INFOPLIST_KEY_UISupportedInterfaceOrientations_iPhone = "UIInterfaceOrientationPortrait UIInterfaceOrientationLandscapeLeft UIInterfaceOrientationLandscapeRight";
				LD_RUNPATH_SEARCH_PATHS = (
					"$(inherited)",
					"@executable_path/Frameworks",
				);
				MARKETING_VERSION = 1.0;
				PRODUCT_BUNDLE_IDENTIFIER = student.asdfghjk;
				PRODUCT_NAME = "$(TARGET_NAME)";
				SWIFT_EMIT_LOC_STRINGS = YES;
				SWIFT_VERSION = 5.0;
				TARGETED_DEVICE_FAMILY = "1,2";
			};
			name = Release;
		};
		3F08546B2ACC2AEF008E7FBF /* Debug */ = {
			isa = XCBuildConfiguration;
			buildSettings = {
				ALWAYS_EMBED_SWIFT_STANDARD_LIBRARIES = YES;
				BUNDLE_LOADER = "$(TEST_HOST)";
				CODE_SIGN_STYLE = Automatic;
				CURRENT_PROJECT_VERSION = 1;
				GENERATE_INFOPLIST_FILE = YES;
				IPHONEOS_DEPLOYMENT_TARGET = 17.0;
				MARKETING_VERSION = 1.0;
				PRODUCT_BUNDLE_IDENTIFIER = student.asdfghjkTests;
				PRODUCT_NAME = "$(TARGET_NAME)";
				SWIFT_EMIT_LOC_STRINGS = NO;
				SWIFT_VERSION = 5.0;
				TARGETED_DEVICE_FAMILY = "1,2";
				TEST_HOST = "$(BUILT_PRODUCTS_DIR)/asdfghjk.app/$(BUNDLE_EXECUTABLE_FOLDER_PATH)/asdfghjk";
			};
			name = Debug;
		};
		3F08546C2ACC2AEF008E7FBF /* Release */ = {
			isa = XCBuildConfiguration;
			buildSettings = {
				ALWAYS_EMBED_SWIFT_STANDARD_LIBRARIES = YES;
				BUNDLE_LOADER = "$(TEST_HOST)";
				CODE_SIGN_STYLE = Automatic;
				CURRENT_PROJECT_VERSION = 1;
				GENERATE_INFOPLIST_FILE = YES;
				IPHONEOS_DEPLOYMENT_TARGET = 17.0;
				MARKETING_VERSION = 1.0;
				PRODUCT_BUNDLE_IDENTIFIER = student.asdfghjkTests;
				PRODUCT_NAME = "$(TARGET_NAME)";
				SWIFT_EMIT_LOC_STRINGS = NO;
				SWIFT_VERSION = 5.0;
				TARGETED_DEVICE_FAMILY = "1,2";
				TEST_HOST = "$(BUILT_PRODUCTS_DIR)/asdfghjk.app/$(BUNDLE_EXECUTABLE_FOLDER_PATH)/asdfghjk";
			};
			name = Release;
		};
		3F08546E2ACC2AEF008E7FBF /* Debug */ = {
			isa = XCBuildConfiguration;
			buildSettings = {
				ALWAYS_EMBED_SWIFT_STANDARD_LIBRARIES = YES;
				CODE_SIGN_STYLE = Automatic;
				CURRENT_PROJECT_VERSION = 1;
				GENERATE_INFOPLIST_FILE = YES;
				MARKETING_VERSION = 1.0;
				PRODUCT_BUNDLE_IDENTIFIER = student.asdfghjkUITests;
				PRODUCT_NAME = "$(TARGET_NAME)";
				SWIFT_EMIT_LOC_STRINGS = NO;
				SWIFT_VERSION = 5.0;
				TARGETED_DEVICE_FAMILY = "1,2";
				TEST_TARGET_NAME = asdfghjk;
			};
			name = Debug;
		};
		3F08546F2ACC2AEF008E7FBF /* Release */ = {
			isa = XCBuildConfiguration;
			buildSettings = {
				ALWAYS_EMBED_SWIFT_STANDARD_LIBRARIES = YES;
				CODE_SIGN_STYLE = Automatic;
				CURRENT_PROJECT_VERSION = 1;
				GENERATE_INFOPLIST_FILE = YES;
				MARKETING_VERSION = 1.0;
				PRODUCT_BUNDLE_IDENTIFIER = student.asdfghjkUITests;
				PRODUCT_NAME = "$(TARGET_NAME)";
				SWIFT_EMIT_LOC_STRINGS = NO;
				SWIFT_VERSION = 5.0;
				TARGETED_DEVICE_FAMILY = "1,2";
				TEST_TARGET_NAME = asdfghjk;
			};
			name = Release;
		};
/* End XCBuildConfiguration section */

/* Begin XCConfigurationList section */
		3F08543E2ACC2AED008E7FBF /* Build configuration list for PBXProject "asdfghjk" */ = {
			isa = XCConfigurationList;
			buildConfigurations = (
				3F0854652ACC2AEF008E7FBF /* Debug */,
				3F0854662ACC2AEF008E7FBF /* Release */,
			);
			defaultConfigurationIsVisible = 0;
			defaultConfigurationName = Release;
		};
		3F0854672ACC2AEF008E7FBF /* Build configuration list for PBXNativeTarget "asdfghjk" */ = {
			isa = XCConfigurationList;
			buildConfigurations = (
				3F0854682ACC2AEF008E7FBF /* Debug */,
				3F0854692ACC2AEF008E7FBF /* Release */,
			);
			defaultConfigurationIsVisible = 0;
			defaultConfigurationName = Release;
		};
		3F08546A2ACC2AEF008E7FBF /* Build configuration list for PBXNativeTarget "asdfghjkTests" */ = {
			isa = XCConfigurationList;
			buildConfigurations = (
				3F08546B2ACC2AEF008E7FBF /* Debug */,
				3F08546C2ACC2AEF008E7FBF /* Release */,
			);
			defaultConfigurationIsVisible = 0;
			defaultConfigurationName = Release;
		};
		3F08546D2ACC2AEF008E7FBF /* Build configuration list for PBXNativeTarget "asdfghjkUITests" */ = {
			isa = XCConfigurationList;
			buildConfigurations = (
				3F08546E2ACC2AEF008E7FBF /* Debug */,
				3F08546F2ACC2AEF008E7FBF /* Release */,
			);
			defaultConfigurationIsVisible = 0;
			defaultConfigurationName = Release;
		};
/* End XCConfigurationList section */
	};
	rootObject = 3F08543B2ACC2AED008E7FBF /* Project object */;
}
